
Microsoft Visual Studio Solution File, Format Version 12.00
# Visual Studio 2013
VisualStudioVersion = 12.0.31101.0
MinimumVisualStudioVersion = 10.0.40219.1
Project("{FAE04EC0-301F-11D3-BF4B-00C04F79EFBC}") = "WpfGlesDemo", "WpfGlesDemo\WpfGlesDemo.csproj", "{B808C1CF-877C-4FA1-B291-506EDF534299}"
EndProject
Project("{FAE04EC0-301F-11D3-BF4B-00C04F79EFBC}") = "WpfGles", "WpfGles\WpfGles.csproj", "{DD5C4C48-3991-4863-A2BD-1DED40001522}"
EndProject
Global
	GlobalSection(SolutionConfigurationPlatforms) = preSolution
		Debug|Any CPU = Debug|Any CPU
		Release|Any CPU = Release|Any CPU
	EndGlobalSection
	GlobalSection(ProjectConfigurationPlatforms) = postSolution
		{B808C1CF-877C-4FA1-B291-506EDF534299}.Debug|Any CPU.ActiveCfg = Debug|Any CPU
		{B808C1CF-877C-4FA1-B291-506EDF534299}.Debug|Any CPU.Build.0 = Debug|Any CPU
		{B808C1CF-877C-4FA1-B291-506EDF534299}.Release|Any CPU.ActiveCfg = Release|Any CPU
		{B808C1CF-877C-4FA1-B291-506EDF534299}.Release|Any CPU.Build.0 = Release|Any CPU
		{DD5C4C48-3991-4863-A2BD-1DED40001522}.Debug|Any CPU.ActiveCfg = Debug|Any CPU
		{DD5C4C48-3991-4863-A2BD-1DED40001522}.Debug|Any CPU.Build.0 = Debug|Any CPU
		{DD5C4C48-3991-4863-A2BD-1DED40001522}.Release|Any CPU.ActiveCfg = Release|Any CPU
		{DD5C4C48-3991-4863-A2BD-1DED40001522}.Release|Any CPU.Build.0 = Release|Any CPU
	EndGlobalSection
	GlobalSection(SolutionProperties) = preSolution
		HideSolutionNode = FALSE
	EndGlobalSection
EndGlobal
